
Microsoft Visual Studio Solution File, Format Version 12.00
# Visual Studio Version 16
VisualStudioVersion = 16.0.30413.136
MinimumVisualStudioVersion = 10.0.40219.1
Project("{FAE04EC0-301F-11D3-BF4B-00C04F79EFBC}") = "Tarea1.Presentacion", "Tarea1.Presentacion\Tarea1.Presentacion.csproj", "{BAC4FCB3-6976-4216-8715-A127CDE579C7}"
EndProject
Project("{FAE04EC0-301F-11D3-BF4B-00C04F79EFBC}") = "Tarea1.Negocio", "Tarea1.Negocio\Tarea1.Negocio.csproj", "{9B768203-3B96-44C1-AE0E-B4D421A08E80}"
EndProject
Project("{FAE04EC0-301F-11D3-BF4B-00C04F79EFBC}") = "Tarea1.Datos", "Tarea1.Datos\Tarea1.Datos.csproj", "{B242E5EC-BC2A-4AE6-9B07-45512EDB343D}"
EndProject
Project("{FAE04EC0-301F-11D3-BF4B-00C04F79EFBC}") = "Tarea1.Entidades", "Tarea1.Entidades\Tarea1.Entidades.csproj", "{B5C127F1-F135-462A-9C68-A5D80E23D7EC}"
EndProject
Global
	GlobalSection(SolutionConfigurationPlatforms) = preSolution
		Debug|Any CPU = Debug|Any CPU
		Release|Any CPU = Release|Any CPU
	EndGlobalSection
	GlobalSection(ProjectConfigurationPlatforms) = postSolution
		{BAC4FCB3-6976-4216-8715-A127CDE579C7}.Debug|Any CPU.ActiveCfg = Debug|Any CPU
		{BAC4FCB3-6976-4216-8715-A127CDE579C7}.Debug|Any CPU.Build.0 = Debug|Any CPU
		{BAC4FCB3-6976-4216-8715-A127CDE579C7}.Release|Any CPU.ActiveCfg = Release|Any CPU
		{BAC4FCB3-6976-4216-8715-A127CDE579C7}.Release|Any CPU.Build.0 = Release|Any CPU
		{9B768203-3B96-44C1-AE0E-B4D421A08E80}.Debug|Any CPU.ActiveCfg = Debug|Any CPU
		{9B768203-3B96-44C1-AE0E-B4D421A08E80}.Debug|Any CPU.Build.0 = Debug|Any CPU
		{9B768203-3B96-44C1-AE0E-B4D421A08E80}.Release|Any CPU.ActiveCfg = Release|Any CPU
		{9B768203-3B96-44C1-AE0E-B4D421A08E80}.Release|Any CPU.Build.0 = Release|Any CPU
		{B242E5EC-BC2A-4AE6-9B07-45512EDB343D}.Debug|Any CPU.ActiveCfg = Debug|Any CPU
		{B242E5EC-BC2A-4AE6-9B07-45512EDB343D}.Debug|Any CPU.Build.0 = Debug|Any CPU
		{B242E5EC-BC2A-4AE6-9B07-45512EDB343D}.Release|Any CPU.ActiveCfg = Release|Any CPU
		{B242E5EC-BC2A-4AE6-9B07-45512EDB343D}.Release|Any CPU.Build.0 = Release|Any CPU
		{B5C127F1-F135-462A-9C68-A5D80E23D7EC}.Debug|Any CPU.ActiveCfg = Debug|Any CPU
		{B5C127F1-F135-462A-9C68-A5D80E23D7EC}.Debug|Any CPU.Build.0 = Debug|Any CPU
		{B5C127F1-F135-462A-9C68-A5D80E23D7EC}.Release|Any CPU.ActiveCfg = Release|Any CPU
		{B5C127F1-F135-462A-9C68-A5D80E23D7EC}.Release|Any CPU.Build.0 = Release|Any CPU
	EndGlobalSection
	GlobalSection(SolutionProperties) = preSolution
		HideSolutionNode = FALSE
	EndGlobalSection
	GlobalSection(ExtensibilityGlobals) = postSolution
		SolutionGuid = {5D89FDCE-ABFB-4158-BBD9-B5F24E688DA7}
	EndGlobalSection
EndGlobal
