
Microsoft Visual Studio Solution File, Format Version 12.00
# Visual Studio Version 16
VisualStudioVersion = 16.0.30413.136
MinimumVisualStudioVersion = 10.0.40219.1
Project("{FAE04EC0-301F-11D3-BF4B-00C04F79EFBC}") = "Tarea1.Presentacion", "Tarea1.Presentacion\Tarea1.Presentacion.csproj", "{BAC4FCB3-6976-4216-8715-A127CDE579C7}"
EndProject
Project("{FAE04EC0-301F-11D3-BF4B-00C04F79EFBC}") = "Tarea1.Entidades", "Tarea1.Entidades\Tarea1.Entidades.csproj", "{2BF0E03F-5585-4178-8B3D-E3D81A2ACB9C}"
EndProject
Project("{FAE04EC0-301F-11D3-BF4B-00C04F79EFBC}") = "Tarea1.Datos", "Tarea1.Datos\Tarea1.Datos.csproj", "{9B332BC4-D6D5-427B-A49E-89C6A95D4DB9}"
EndProject
Project("{FAE04EC0-301F-11D3-BF4B-00C04F79EFBC}") = "Tarea1.Negocio", "Tarea1.Negocio\Tarea1.Negocio.csproj", "{269E3385-A217-485C-AB82-1F1E2ADB0D95}"
EndProject
Global
	GlobalSection(SolutionConfigurationPlatforms) = preSolution
		Debug|Any CPU = Debug|Any CPU
		Release|Any CPU = Release|Any CPU
	EndGlobalSection
	GlobalSection(ProjectConfigurationPlatforms) = postSolution
		{BAC4FCB3-6976-4216-8715-A127CDE579C7}.Debug|Any CPU.ActiveCfg = Debug|Any CPU
		{BAC4FCB3-6976-4216-8715-A127CDE579C7}.Debug|Any CPU.Build.0 = Debug|Any CPU
		{BAC4FCB3-6976-4216-8715-A127CDE579C7}.Release|Any CPU.ActiveCfg = Release|Any CPU
		{BAC4FCB3-6976-4216-8715-A127CDE579C7}.Release|Any CPU.Build.0 = Release|Any CPU
		{2BF0E03F-5585-4178-8B3D-E3D81A2ACB9C}.Debug|Any CPU.ActiveCfg = Debug|Any CPU
		{2BF0E03F-5585-4178-8B3D-E3D81A2ACB9C}.Debug|Any CPU.Build.0 = Debug|Any CPU
		{2BF0E03F-5585-4178-8B3D-E3D81A2ACB9C}.Release|Any CPU.ActiveCfg = Release|Any CPU
		{2BF0E03F-5585-4178-8B3D-E3D81A2ACB9C}.Release|Any CPU.Build.0 = Release|Any CPU
		{9B332BC4-D6D5-427B-A49E-89C6A95D4DB9}.Debug|Any CPU.ActiveCfg = Debug|Any CPU
		{9B332BC4-D6D5-427B-A49E-89C6A95D4DB9}.Debug|Any CPU.Build.0 = Debug|Any CPU
		{9B332BC4-D6D5-427B-A49E-89C6A95D4DB9}.Release|Any CPU.ActiveCfg = Release|Any CPU
		{9B332BC4-D6D5-427B-A49E-89C6A95D4DB9}.Release|Any CPU.Build.0 = Release|Any CPU
		{269E3385-A217-485C-AB82-1F1E2ADB0D95}.Debug|Any CPU.ActiveCfg = Debug|Any CPU
		{269E3385-A217-485C-AB82-1F1E2ADB0D95}.Debug|Any CPU.Build.0 = Debug|Any CPU
		{269E3385-A217-485C-AB82-1F1E2ADB0D95}.Release|Any CPU.ActiveCfg = Release|Any CPU
		{269E3385-A217-485C-AB82-1F1E2ADB0D95}.Release|Any CPU.Build.0 = Release|Any CPU
	EndGlobalSection
	GlobalSection(SolutionProperties) = preSolution
		HideSolutionNode = FALSE
	EndGlobalSection
	GlobalSection(ExtensibilityGlobals) = postSolution
		SolutionGuid = {5D89FDCE-ABFB-4158-BBD9-B5F24E688DA7}
	EndGlobalSection
EndGlobal
